
Microsoft Visual Studio Solution File, Format Version 12.00
# Visual Studio Version 16
VisualStudioVersion = 16.0.30517.126
MinimumVisualStudioVersion = 10.0.40219.1
Project("{FAE04EC0-301F-11D3-BF4B-00C04F79EFBC}") = "SignalRChat", "SignalRChat\SignalRChat.csproj", "{16AF86F7-40DD-4985-80E2-E9302CD059F8}"
EndProject
Global
	GlobalSection(SolutionConfigurationPlatforms) = preSolution
		Debug|Any CPU = Debug|Any CPU
		Release|Any CPU = Release|Any CPU
	EndGlobalSection
	GlobalSection(ProjectConfigurationPlatforms) = postSolution
		{16AF86F7-40DD-4985-80E2-E9302CD059F8}.Debug|Any CPU.ActiveCfg = Debug|Any CPU
		{16AF86F7-40DD-4985-80E2-E9302CD059F8}.Debug|Any CPU.Build.0 = Debug|Any CPU
		{16AF86F7-40DD-4985-80E2-E9302CD059F8}.Release|Any CPU.ActiveCfg = Release|Any CPU
		{16AF86F7-40DD-4985-80E2-E9302CD059F8}.Release|Any CPU.Build.0 = Release|Any CPU
	EndGlobalSection
	GlobalSection(SolutionProperties) = preSolution
		HideSolutionNode = FALSE
	EndGlobalSection
	GlobalSection(ExtensibilityGlobals) = postSolution
		SolutionGuid = {757C4162-62CD-439A-B760-94AB6CCF72DF}
	EndGlobalSection
EndGlobal
